// !$*UTF8*$!
{
	archiveVersion = 1;
	classes = {
	};
	objectVersion = 55;
	objects = {

/* Begin PBXBuildFile section */
		215C5832286F74C400F19650 /* EventDetailDataSourceDelegate.swift in Sources */ = {isa = PBXBuildFile; fileRef = 215C5831286F74C400F19650 /* EventDetailDataSourceDelegate.swift */; };
		21978BC62861DBBE002FDBD6 /* EventDetailViewController.swift in Sources */ = {isa = PBXBuildFile; fileRef = 21978BC52861DBBE002FDBD6 /* EventDetailViewController.swift */; };
		21978BC828622DB4002FDBD6 /* EventDetailTableViewCell.swift in Sources */ = {isa = PBXBuildFile; fileRef = 21978BC728622DB4002FDBD6 /* EventDetailTableViewCell.swift */; };
		21978BCE2862FC74002FDBD6 /* EventBrain.swift in Sources */ = {isa = PBXBuildFile; fileRef = 21978BCD2862FC74002FDBD6 /* EventBrain.swift */; };
		21A2E29C286D93CB00662EB5 /* Globals.swift in Sources */ = {isa = PBXBuildFile; fileRef = 21A2E29B286D93CB00662EB5 /* Globals.swift */; };
		21D4255D28606A02002E45A4 /* EventListTableViewController.swift in Sources */ = {isa = PBXBuildFile; fileRef = 21D4255C28606A02002E45A4 /* EventListTableViewController.swift */; };
		21D4255F28607A98002E45A4 /* Event.swift in Sources */ = {isa = PBXBuildFile; fileRef = 21D4255E28607A98002E45A4 /* Event.swift */; };
		21D4256128607CFE002E45A4 /* EventDataSource.swift in Sources */ = {isa = PBXBuildFile; fileRef = 21D4256028607CFE002E45A4 /* EventDataSource.swift */; };
		21D42563286090AB002E45A4 /* EventDataSourceDelegate.swift in Sources */ = {isa = PBXBuildFile; fileRef = 21D42562286090AB002E45A4 /* EventDataSourceDelegate.swift */; };
		21D42565286194E5002E45A4 /* PitchListTableViewController.swift in Sources */ = {isa = PBXBuildFile; fileRef = 21D42564286194E5002E45A4 /* PitchListTableViewController.swift */; };
		21D4256728619505002E45A4 /* PitchDataSource.swift in Sources */ = {isa = PBXBuildFile; fileRef = 21D4256628619505002E45A4 /* PitchDataSource.swift */; };
		21D4256B28619581002E45A4 /* Pitch.swift in Sources */ = {isa = PBXBuildFile; fileRef = 21D4256A28619581002E45A4 /* Pitch.swift */; };
		21D4256D28619663002E45A4 /* PitchDataSourceDelegate.swift in Sources */ = {isa = PBXBuildFile; fileRef = 21D4256C28619663002E45A4 /* PitchDataSourceDelegate.swift */; };
		21E596A0285B45D2003D24C9 /* AppDelegate.swift in Sources */ = {isa = PBXBuildFile; fileRef = 21E5969F285B45D2003D24C9 /* AppDelegate.swift */; };
		21E596A2285B45D2003D24C9 /* SceneDelegate.swift in Sources */ = {isa = PBXBuildFile; fileRef = 21E596A1285B45D2003D24C9 /* SceneDelegate.swift */; };
		21E596A4285B45D2003D24C9 /* ViewController.swift in Sources */ = {isa = PBXBuildFile; fileRef = 21E596A3285B45D2003D24C9 /* ViewController.swift */; };
		21E596A7285B45D2003D24C9 /* Main.storyboard in Resources */ = {isa = PBXBuildFile; fileRef = 21E596A5285B45D2003D24C9 /* Main.storyboard */; };
		21E596A9285B45D4003D24C9 /* Assets.xcassets in Resources */ = {isa = PBXBuildFile; fileRef = 21E596A8285B45D4003D24C9 /* Assets.xcassets */; };
		21E596AC285B45D4003D24C9 /* LaunchScreen.storyboard in Resources */ = {isa = PBXBuildFile; fileRef = 21E596AA285B45D4003D24C9 /* LaunchScreen.storyboard */; };
		21E596B7285B45D4003D24C9 /* HaliAppTests.swift in Sources */ = {isa = PBXBuildFile; fileRef = 21E596B6285B45D4003D24C9 /* HaliAppTests.swift */; };
		21E596C1285B45D4003D24C9 /* HaliAppUITests.swift in Sources */ = {isa = PBXBuildFile; fileRef = 21E596C0285B45D4003D24C9 /* HaliAppUITests.swift */; };
		21E596C3285B45D4003D24C9 /* HaliAppUITestsLaunchTests.swift in Sources */ = {isa = PBXBuildFile; fileRef = 21E596C2285B45D4003D24C9 /* HaliAppUITestsLaunchTests.swift */; };
		21E596D4285B5804003D24C9 /* GoogleService-Info.plist in Resources */ = {isa = PBXBuildFile; fileRef = 21E596D3285B5803003D24C9 /* GoogleService-Info.plist */; };
		21E596D6285C96C8003D24C9 /* LoginViewController.swift in Sources */ = {isa = PBXBuildFile; fileRef = 21E596D5285C96C7003D24C9 /* LoginViewController.swift */; };
		21E596D8285C96D6003D24C9 /* SignupViewController.swift in Sources */ = {isa = PBXBuildFile; fileRef = 21E596D7285C96D6003D24C9 /* SignupViewController.swift */; };
		21E59716285CC3FB003D24C9 /* FirebaseAuth in Frameworks */ = {isa = PBXBuildFile; productRef = 21E59715285CC3FB003D24C9 /* FirebaseAuth */; };
		21E59718285CC3FB003D24C9 /* FirebaseDatabase in Frameworks */ = {isa = PBXBuildFile; productRef = 21E59717285CC3FB003D24C9 /* FirebaseDatabase */; };
		21E5971A285CC3FB003D24C9 /* FirebaseDatabaseSwift in Frameworks */ = {isa = PBXBuildFile; productRef = 21E59719285CC3FB003D24C9 /* FirebaseDatabaseSwift */; };
		21E5971C285CC3FB003D24C9 /* FirebaseFirestore in Frameworks */ = {isa = PBXBuildFile; productRef = 21E5971B285CC3FB003D24C9 /* FirebaseFirestore */; };
		21E5971E285CC3FB003D24C9 /* FirebaseFirestoreCombine-Community in Frameworks */ = {isa = PBXBuildFile; productRef = 21E5971D285CC3FB003D24C9 /* FirebaseFirestoreCombine-Community */; };
		21E59720285CC3FB003D24C9 /* FirebaseFirestoreSwift in Frameworks */ = {isa = PBXBuildFile; productRef = 21E5971F285CC3FB003D24C9 /* FirebaseFirestoreSwift */; };
		21E59722285CC3FB003D24C9 /* FirebaseStorage in Frameworks */ = {isa = PBXBuildFile; productRef = 21E59721285CC3FB003D24C9 /* FirebaseStorage */; };
/* End PBXBuildFile section */

/* Begin PBXContainerItemProxy section */
		21E596B3285B45D4003D24C9 /* PBXContainerItemProxy */ = {
			isa = PBXContainerItemProxy;
			containerPortal = 21E59694285B45D2003D24C9 /* Project object */;
			proxyType = 1;
			remoteGlobalIDString = 21E5969B285B45D2003D24C9;
			remoteInfo = HaliApp;
		};
		21E596BD285B45D4003D24C9 /* PBXContainerItemProxy */ = {
			isa = PBXContainerItemProxy;
			containerPortal = 21E59694285B45D2003D24C9 /* Project object */;
			proxyType = 1;
			remoteGlobalIDString = 21E5969B285B45D2003D24C9;
			remoteInfo = HaliApp;
		};
/* End PBXContainerItemProxy section */

/* Begin PBXFileReference section */
		215C5831286F74C400F19650 /* EventDetailDataSourceDelegate.swift */ = {isa = PBXFileReference; lastKnownFileType = sourcecode.swift; path = EventDetailDataSourceDelegate.swift; sourceTree = "<group>"; };
		21978BC52861DBBE002FDBD6 /* EventDetailViewController.swift */ = {isa = PBXFileReference; lastKnownFileType = sourcecode.swift; path = EventDetailViewController.swift; sourceTree = "<group>"; };
		21978BC728622DB4002FDBD6 /* EventDetailTableViewCell.swift */ = {isa = PBXFileReference; lastKnownFileType = sourcecode.swift; path = EventDetailTableViewCell.swift; sourceTree = "<group>"; };
		21978BCD2862FC74002FDBD6 /* EventBrain.swift */ = {isa = PBXFileReference; lastKnownFileType = sourcecode.swift; path = EventBrain.swift; sourceTree = "<group>"; };
		21A2E29B286D93CB00662EB5 /* Globals.swift */ = {isa = PBXFileReference; lastKnownFileType = sourcecode.swift; path = Globals.swift; sourceTree = "<group>"; };
		21D4255C28606A02002E45A4 /* EventListTableViewController.swift */ = {isa = PBXFileReference; lastKnownFileType = sourcecode.swift; path = EventListTableViewController.swift; sourceTree = "<group>"; };
		21D4255E28607A98002E45A4 /* Event.swift */ = {isa = PBXFileReference; lastKnownFileType = sourcecode.swift; path = Event.swift; sourceTree = "<group>"; };
		21D4256028607CFE002E45A4 /* EventDataSource.swift */ = {isa = PBXFileReference; lastKnownFileType = sourcecode.swift; path = EventDataSource.swift; sourceTree = "<group>"; };
		21D42562286090AB002E45A4 /* EventDataSourceDelegate.swift */ = {isa = PBXFileReference; lastKnownFileType = sourcecode.swift; path = EventDataSourceDelegate.swift; sourceTree = "<group>"; };
		21D42564286194E5002E45A4 /* PitchListTableViewController.swift */ = {isa = PBXFileReference; lastKnownFileType = sourcecode.swift; path = PitchListTableViewController.swift; sourceTree = "<group>"; };
		21D4256628619505002E45A4 /* PitchDataSource.swift */ = {isa = PBXFileReference; lastKnownFileType = sourcecode.swift; path = PitchDataSource.swift; sourceTree = "<group>"; };
		21D4256A28619581002E45A4 /* Pitch.swift */ = {isa = PBXFileReference; lastKnownFileType = sourcecode.swift; path = Pitch.swift; sourceTree = "<group>"; };
		21D4256C28619663002E45A4 /* PitchDataSourceDelegate.swift */ = {isa = PBXFileReference; lastKnownFileType = sourcecode.swift; path = PitchDataSourceDelegate.swift; sourceTree = "<group>"; };
		21E5969C285B45D2003D24C9 /* HaliApp.app */ = {isa = PBXFileReference; explicitFileType = wrapper.application; includeInIndex = 0; path = HaliApp.app; sourceTree = BUILT_PRODUCTS_DIR; };
		21E5969F285B45D2003D24C9 /* AppDelegate.swift */ = {isa = PBXFileReference; lastKnownFileType = sourcecode.swift; path = AppDelegate.swift; sourceTree = "<group>"; };
		21E596A1285B45D2003D24C9 /* SceneDelegate.swift */ = {isa = PBXFileReference; lastKnownFileType = sourcecode.swift; path = SceneDelegate.swift; sourceTree = "<group>"; };
		21E596A3285B45D2003D24C9 /* ViewController.swift */ = {isa = PBXFileReference; lastKnownFileType = sourcecode.swift; path = ViewController.swift; sourceTree = "<group>"; };
		21E596A6285B45D2003D24C9 /* Base */ = {isa = PBXFileReference; lastKnownFileType = file.storyboard; name = Base; path = Base.lproj/Main.storyboard; sourceTree = "<group>"; };
		21E596A8285B45D4003D24C9 /* Assets.xcassets */ = {isa = PBXFileReference; lastKnownFileType = folder.assetcatalog; path = Assets.xcassets; sourceTree = "<group>"; };
		21E596AB285B45D4003D24C9 /* Base */ = {isa = PBXFileReference; lastKnownFileType = file.storyboard; name = Base; path = Base.lproj/LaunchScreen.storyboard; sourceTree = "<group>"; };
		21E596AD285B45D4003D24C9 /* Info.plist */ = {isa = PBXFileReference; lastKnownFileType = text.plist.xml; path = Info.plist; sourceTree = "<group>"; };
		21E596B2285B45D4003D24C9 /* HaliAppTests.xctest */ = {isa = PBXFileReference; explicitFileType = wrapper.cfbundle; includeInIndex = 0; path = HaliAppTests.xctest; sourceTree = BUILT_PRODUCTS_DIR; };
		21E596B6285B45D4003D24C9 /* HaliAppTests.swift */ = {isa = PBXFileReference; lastKnownFileType = sourcecode.swift; path = HaliAppTests.swift; sourceTree = "<group>"; };
		21E596BC285B45D4003D24C9 /* HaliAppUITests.xctest */ = {isa = PBXFileReference; explicitFileType = wrapper.cfbundle; includeInIndex = 0; path = HaliAppUITests.xctest; sourceTree = BUILT_PRODUCTS_DIR; };
		21E596C0285B45D4003D24C9 /* HaliAppUITests.swift */ = {isa = PBXFileReference; lastKnownFileType = sourcecode.swift; path = HaliAppUITests.swift; sourceTree = "<group>"; };
		21E596C2285B45D4003D24C9 /* HaliAppUITestsLaunchTests.swift */ = {isa = PBXFileReference; lastKnownFileType = sourcecode.swift; path = HaliAppUITestsLaunchTests.swift; sourceTree = "<group>"; };
		21E596D3285B5803003D24C9 /* GoogleService-Info.plist */ = {isa = PBXFileReference; fileEncoding = 4; lastKnownFileType = text.plist.xml; path = "GoogleService-Info.plist"; sourceTree = "<group>"; };
		21E596D5285C96C7003D24C9 /* LoginViewController.swift */ = {isa = PBXFileReference; lastKnownFileType = sourcecode.swift; path = LoginViewController.swift; sourceTree = "<group>"; };
		21E596D7285C96D6003D24C9 /* SignupViewController.swift */ = {isa = PBXFileReference; lastKnownFileType = sourcecode.swift; path = SignupViewController.swift; sourceTree = "<group>"; };
/* End PBXFileReference section */

/* Begin PBXFrameworksBuildPhase section */
		21E59699285B45D2003D24C9 /* Frameworks */ = {
			isa = PBXFrameworksBuildPhase;
			buildActionMask = 2147483647;
			files = (
				21E5971A285CC3FB003D24C9 /* FirebaseDatabaseSwift in Frameworks */,
				21E5971C285CC3FB003D24C9 /* FirebaseFirestore in Frameworks */,
				21E59718285CC3FB003D24C9 /* FirebaseDatabase in Frameworks */,
				21E5971E285CC3FB003D24C9 /* FirebaseFirestoreCombine-Community in Frameworks */,
				21E59722285CC3FB003D24C9 /* FirebaseStorage in Frameworks */,
				21E59716285CC3FB003D24C9 /* FirebaseAuth in Frameworks */,
				21E59720285CC3FB003D24C9 /* FirebaseFirestoreSwift in Frameworks */,
			);
			runOnlyForDeploymentPostprocessing = 0;
		};
		21E596AF285B45D4003D24C9 /* Frameworks */ = {
			isa = PBXFrameworksBuildPhase;
			buildActionMask = 2147483647;
			files = (
			);
			runOnlyForDeploymentPostprocessing = 0;
		};
		21E596B9285B45D4003D24C9 /* Frameworks */ = {
			isa = PBXFrameworksBuildPhase;
			buildActionMask = 2147483647;
			files = (
			);
			runOnlyForDeploymentPostprocessing = 0;
		};
/* End PBXFrameworksBuildPhase section */

/* Begin PBXGroup section */
		21978BC928622DC4002FDBD6 /* Cells */ = {
			isa = PBXGroup;
			children = (
				21978BC728622DB4002FDBD6 /* EventDetailTableViewCell.swift */,
			);
			path = Cells;
			sourceTree = "<group>";
		};
		21D42570286196E5002E45A4 /* View Controllers */ = {
			isa = PBXGroup;
			children = (
				21E596D7285C96D6003D24C9 /* SignupViewController.swift */,
				21D4255C28606A02002E45A4 /* EventListTableViewController.swift */,
				21E596D5285C96C7003D24C9 /* LoginViewController.swift */,
				21D42564286194E5002E45A4 /* PitchListTableViewController.swift */,
				21978BC52861DBBE002FDBD6 /* EventDetailViewController.swift */,
			);
			path = "View Controllers";
			sourceTree = "<group>";
		};
		21D42571286196FC002E45A4 /* DataSource */ = {
			isa = PBXGroup;
			children = (
				21D4256028607CFE002E45A4 /* EventDataSource.swift */,
				21D4256628619505002E45A4 /* PitchDataSource.swift */,
			);
			path = DataSource;
			sourceTree = "<group>";
		};
		21D425722861970F002E45A4 /* Models */ = {
			isa = PBXGroup;
			children = (
				21D4255E28607A98002E45A4 /* Event.swift */,
				21D4256A28619581002E45A4 /* Pitch.swift */,
			);
			path = Models;
			sourceTree = "<group>";
		};
		21D425732861971C002E45A4 /* Delegates */ = {
			isa = PBXGroup;
			children = (
				21D42562286090AB002E45A4 /* EventDataSourceDelegate.swift */,
				21D4256C28619663002E45A4 /* PitchDataSourceDelegate.swift */,
				215C5831286F74C400F19650 /* EventDetailDataSourceDelegate.swift */,
			);
			path = Delegates;
			sourceTree = "<group>";
		};
		21E59693285B45D2003D24C9 = {
			isa = PBXGroup;
			children = (
				21E5969E285B45D2003D24C9 /* HaliApp */,
				21E596B5285B45D4003D24C9 /* HaliAppTests */,
				21E596BF285B45D4003D24C9 /* HaliAppUITests */,
				21E5969D285B45D2003D24C9 /* Products */,
				21E596CF285B48E7003D24C9 /* Frameworks */,
			);
			sourceTree = "<group>";
		};
		21E5969D285B45D2003D24C9 /* Products */ = {
			isa = PBXGroup;
			children = (
				21E5969C285B45D2003D24C9 /* HaliApp.app */,
				21E596B2285B45D4003D24C9 /* HaliAppTests.xctest */,
				21E596BC285B45D4003D24C9 /* HaliAppUITests.xctest */,
			);
			name = Products;
			sourceTree = "<group>";
		};
		21E5969E285B45D2003D24C9 /* HaliApp */ = {
			isa = PBXGroup;
			children = (
				21978BCD2862FC74002FDBD6 /* EventBrain.swift */,
				21E596D3285B5803003D24C9 /* GoogleService-Info.plist */,
				21E5969F285B45D2003D24C9 /* AppDelegate.swift */,
				21E596A1285B45D2003D24C9 /* SceneDelegate.swift */,
				21E596A3285B45D2003D24C9 /* ViewController.swift */,
				21E596A5285B45D2003D24C9 /* Main.storyboard */,
				21E596A8285B45D4003D24C9 /* Assets.xcassets */,
				21E596AA285B45D4003D24C9 /* LaunchScreen.storyboard */,
				21E596AD285B45D4003D24C9 /* Info.plist */,
				21D42571286196FC002E45A4 /* DataSource */,
				21D42570286196E5002E45A4 /* View Controllers */,
				21D425722861970F002E45A4 /* Models */,
				21D425732861971C002E45A4 /* Delegates */,
				21978BC928622DC4002FDBD6 /* Cells */,
				21A2E29B286D93CB00662EB5 /* Globals.swift */,
			);
			path = HaliApp;
			sourceTree = "<group>";
		};
		21E596B5285B45D4003D24C9 /* HaliAppTests */ = {
			isa = PBXGroup;
			children = (
				21E596B6285B45D4003D24C9 /* HaliAppTests.swift */,
			);
			path = HaliAppTests;
			sourceTree = "<group>";
		};
		21E596BF285B45D4003D24C9 /* HaliAppUITests */ = {
			isa = PBXGroup;
			children = (
				21E596C0285B45D4003D24C9 /* HaliAppUITests.swift */,
				21E596C2285B45D4003D24C9 /* HaliAppUITestsLaunchTests.swift */,
			);
			path = HaliAppUITests;
			sourceTree = "<group>";
		};
		21E596CF285B48E7003D24C9 /* Frameworks */ = {
			isa = PBXGroup;
			children = (
			);
			name = Frameworks;
			sourceTree = "<group>";
		};
/* End PBXGroup section */

/* Begin PBXNativeTarget section */
		21E5969B285B45D2003D24C9 /* HaliApp */ = {
			isa = PBXNativeTarget;
			buildConfigurationList = 21E596C6285B45D4003D24C9 /* Build configuration list for PBXNativeTarget "HaliApp" */;
			buildPhases = (
				21E59698285B45D2003D24C9 /* Sources */,
				21E59699285B45D2003D24C9 /* Frameworks */,
				21E5969A285B45D2003D24C9 /* Resources */,
			);
			buildRules = (
			);
			dependencies = (
			);
			name = HaliApp;
			packageProductDependencies = (
				21E59715285CC3FB003D24C9 /* FirebaseAuth */,
				21E59717285CC3FB003D24C9 /* FirebaseDatabase */,
				21E59719285CC3FB003D24C9 /* FirebaseDatabaseSwift */,
				21E5971B285CC3FB003D24C9 /* FirebaseFirestore */,
				21E5971D285CC3FB003D24C9 /* FirebaseFirestoreCombine-Community */,
				21E5971F285CC3FB003D24C9 /* FirebaseFirestoreSwift */,
				21E59721285CC3FB003D24C9 /* FirebaseStorage */,
			);
			productName = HaliApp;
			productReference = 21E5969C285B45D2003D24C9 /* HaliApp.app */;
			productType = "com.apple.product-type.application";
		};
		21E596B1285B45D4003D24C9 /* HaliAppTests */ = {
			isa = PBXNativeTarget;
			buildConfigurationList = 21E596C9285B45D4003D24C9 /* Build configuration list for PBXNativeTarget "HaliAppTests" */;
			buildPhases = (
				21E596AE285B45D4003D24C9 /* Sources */,
				21E596AF285B45D4003D24C9 /* Frameworks */,
				21E596B0285B45D4003D24C9 /* Resources */,
			);
			buildRules = (
			);
			dependencies = (
				21E596B4285B45D4003D24C9 /* PBXTargetDependency */,
			);
			name = HaliAppTests;
			productName = HaliAppTests;
			productReference = 21E596B2285B45D4003D24C9 /* HaliAppTests.xctest */;
			productType = "com.apple.product-type.bundle.unit-test";
		};
		21E596BB285B45D4003D24C9 /* HaliAppUITests */ = {
			isa = PBXNativeTarget;
			buildConfigurationList = 21E596CC285B45D4003D24C9 /* Build configuration list for PBXNativeTarget "HaliAppUITests" */;
			buildPhases = (
				21E596B8285B45D4003D24C9 /* Sources */,
				21E596B9285B45D4003D24C9 /* Frameworks */,
				21E596BA285B45D4003D24C9 /* Resources */,
			);
			buildRules = (
			);
			dependencies = (
				21E596BE285B45D4003D24C9 /* PBXTargetDependency */,
			);
			name = HaliAppUITests;
			productName = HaliAppUITests;
			productReference = 21E596BC285B45D4003D24C9 /* HaliAppUITests.xctest */;
			productType = "com.apple.product-type.bundle.ui-testing";
		};
/* End PBXNativeTarget section */

/* Begin PBXProject section */
		21E59694285B45D2003D24C9 /* Project object */ = {
			isa = PBXProject;
			attributes = {
				BuildIndependentTargetsInParallel = 1;
				LastSwiftUpdateCheck = 1320;
				LastUpgradeCheck = 1320;
				TargetAttributes = {
					21E5969B285B45D2003D24C9 = {
						CreatedOnToolsVersion = 13.2.1;
					};
					21E596B1285B45D4003D24C9 = {
						CreatedOnToolsVersion = 13.2.1;
						TestTargetID = 21E5969B285B45D2003D24C9;
					};
					21E596BB285B45D4003D24C9 = {
						CreatedOnToolsVersion = 13.2.1;
						TestTargetID = 21E5969B285B45D2003D24C9;
					};
				};
			};
			buildConfigurationList = 21E59697285B45D2003D24C9 /* Build configuration list for PBXProject "HaliApp" */;
			compatibilityVersion = "Xcode 13.0";
			developmentRegion = en;
			hasScannedForEncodings = 0;
			knownRegions = (
				en,
				Base,
			);
			mainGroup = 21E59693285B45D2003D24C9;
			packageReferences = (
				21E59714285CC3FB003D24C9 /* XCRemoteSwiftPackageReference "firebase-ios-sdk" */,
			);
			productRefGroup = 21E5969D285B45D2003D24C9 /* Products */;
			projectDirPath = "";
			projectRoot = "";
			targets = (
				21E5969B285B45D2003D24C9 /* HaliApp */,
				21E596B1285B45D4003D24C9 /* HaliAppTests */,
				21E596BB285B45D4003D24C9 /* HaliAppUITests */,
			);
		};
/* End PBXProject section */

/* Begin PBXResourcesBuildPhase section */
		21E5969A285B45D2003D24C9 /* Resources */ = {
			isa = PBXResourcesBuildPhase;
			buildActionMask = 2147483647;
			files = (
				21E596AC285B45D4003D24C9 /* LaunchScreen.storyboard in Resources */,
				21E596D4285B5804003D24C9 /* GoogleService-Info.plist in Resources */,
				21E596A9285B45D4003D24C9 /* Assets.xcassets in Resources */,
				21E596A7285B45D2003D24C9 /* Main.storyboard in Resources */,
			);
			runOnlyForDeploymentPostprocessing = 0;
		};
		21E596B0285B45D4003D24C9 /* Resources */ = {
			isa = PBXResourcesBuildPhase;
			buildActionMask = 2147483647;
			files = (
			);
			runOnlyForDeploymentPostprocessing = 0;
		};
		21E596BA285B45D4003D24C9 /* Resources */ = {
			isa = PBXResourcesBuildPhase;
			buildActionMask = 2147483647;
			files = (
			);
			runOnlyForDeploymentPostprocessing = 0;
		};
/* End PBXResourcesBuildPhase section */

/* Begin PBXSourcesBuildPhase section */
		21E59698285B45D2003D24C9 /* Sources */ = {
			isa = PBXSourcesBuildPhase;
			buildActionMask = 2147483647;
			files = (
				21E596D6285C96C8003D24C9 /* LoginViewController.swift in Sources */,
				21978BC828622DB4002FDBD6 /* EventDetailTableViewCell.swift in Sources */,
				21D42565286194E5002E45A4 /* PitchListTableViewController.swift in Sources */,
				21D4256D28619663002E45A4 /* PitchDataSourceDelegate.swift in Sources */,
				21A2E29C286D93CB00662EB5 /* Globals.swift in Sources */,
				215C5832286F74C400F19650 /* EventDetailDataSourceDelegate.swift in Sources */,
				21E596A4285B45D2003D24C9 /* ViewController.swift in Sources */,
				21D4255D28606A02002E45A4 /* EventListTableViewController.swift in Sources */,
				21D4256728619505002E45A4 /* PitchDataSource.swift in Sources */,
				21978BC62861DBBE002FDBD6 /* EventDetailViewController.swift in Sources */,
				21D4255F28607A98002E45A4 /* Event.swift in Sources */,
				21978BCE2862FC74002FDBD6 /* EventBrain.swift in Sources */,
				21E596D8285C96D6003D24C9 /* SignupViewController.swift in Sources */,
				21D4256B28619581002E45A4 /* Pitch.swift in Sources */,
				21E596A0285B45D2003D24C9 /* AppDelegate.swift in Sources */,
				21D42563286090AB002E45A4 /* EventDataSourceDelegate.swift in Sources */,
				21D4256128607CFE002E45A4 /* EventDataSource.swift in Sources */,
				21E596A2285B45D2003D24C9 /* SceneDelegate.swift in Sources */,
			);
			runOnlyForDeploymentPostprocessing = 0;
		};
		21E596AE285B45D4003D24C9 /* Sources */ = {
			isa = PBXSourcesBuildPhase;
			buildActionMask = 2147483647;
			files = (
				21E596B7285B45D4003D24C9 /* HaliAppTests.swift in Sources */,
			);
			runOnlyForDeploymentPostprocessing = 0;
		};
		21E596B8285B45D4003D24C9 /* Sources */ = {
			isa = PBXSourcesBuildPhase;
			buildActionMask = 2147483647;
			files = (
				21E596C3285B45D4003D24C9 /* HaliAppUITestsLaunchTests.swift in Sources */,
				21E596C1285B45D4003D24C9 /* HaliAppUITests.swift in Sources */,
			);
			runOnlyForDeploymentPostprocessing = 0;
		};
/* End PBXSourcesBuildPhase section */

/* Begin PBXTargetDependency section */
		21E596B4285B45D4003D24C9 /* PBXTargetDependency */ = {
			isa = PBXTargetDependency;
			target = 21E5969B285B45D2003D24C9 /* HaliApp */;
			targetProxy = 21E596B3285B45D4003D24C9 /* PBXContainerItemProxy */;
		};
		21E596BE285B45D4003D24C9 /* PBXTargetDependency */ = {
			isa = PBXTargetDependency;
			target = 21E5969B285B45D2003D24C9 /* HaliApp */;
			targetProxy = 21E596BD285B45D4003D24C9 /* PBXContainerItemProxy */;
		};
/* End PBXTargetDependency section */

/* Begin PBXVariantGroup section */
		21E596A5285B45D2003D24C9 /* Main.storyboard */ = {
			isa = PBXVariantGroup;
			children = (
				21E596A6285B45D2003D24C9 /* Base */,
			);
			name = Main.storyboard;
			sourceTree = "<group>";
		};
		21E596AA285B45D4003D24C9 /* LaunchScreen.storyboard */ = {
			isa = PBXVariantGroup;
			children = (
				21E596AB285B45D4003D24C9 /* Base */,
			);
			name = LaunchScreen.storyboard;
			sourceTree = "<group>";
		};
/* End PBXVariantGroup section */

/* Begin XCBuildConfiguration section */
		21E596C4285B45D4003D24C9 /* Debug */ = {
			isa = XCBuildConfiguration;
			buildSettings = {
				ALWAYS_SEARCH_USER_PATHS = NO;
				CLANG_ANALYZER_NONNULL = YES;
				CLANG_ANALYZER_NUMBER_OBJECT_CONVERSION = YES_AGGRESSIVE;
				CLANG_CXX_LANGUAGE_STANDARD = "gnu++17";
				CLANG_CXX_LIBRARY = "libc++";
				CLANG_ENABLE_MODULES = YES;
				CLANG_ENABLE_OBJC_ARC = YES;
				CLANG_ENABLE_OBJC_WEAK = YES;
				CLANG_WARN_BLOCK_CAPTURE_AUTORELEASING = YES;
				CLANG_WARN_BOOL_CONVERSION = YES;
				CLANG_WARN_COMMA = YES;
				CLANG_WARN_CONSTANT_CONVERSION = YES;
				CLANG_WARN_DEPRECATED_OBJC_IMPLEMENTATIONS = YES;
				CLANG_WARN_DIRECT_OBJC_ISA_USAGE = YES_ERROR;
				CLANG_WARN_DOCUMENTATION_COMMENTS = YES;
				CLANG_WARN_EMPTY_BODY = YES;
				CLANG_WARN_ENUM_CONVERSION = YES;
				CLANG_WARN_INFINITE_RECURSION = YES;
				CLANG_WARN_INT_CONVERSION = YES;
				CLANG_WARN_NON_LITERAL_NULL_CONVERSION = YES;
				CLANG_WARN_OBJC_IMPLICIT_RETAIN_SELF = YES;
				CLANG_WARN_OBJC_LITERAL_CONVERSION = YES;
				CLANG_WARN_OBJC_ROOT_CLASS = YES_ERROR;
				CLANG_WARN_QUOTED_INCLUDE_IN_FRAMEWORK_HEADER = YES;
				CLANG_WARN_RANGE_LOOP_ANALYSIS = YES;
				CLANG_WARN_STRICT_PROTOTYPES = YES;
				CLANG_WARN_SUSPICIOUS_MOVE = YES;
				CLANG_WARN_UNGUARDED_AVAILABILITY = YES_AGGRESSIVE;
				CLANG_WARN_UNREACHABLE_CODE = YES;
				CLANG_WARN__DUPLICATE_METHOD_MATCH = YES;
				COPY_PHASE_STRIP = NO;
				DEBUG_INFORMATION_FORMAT = dwarf;
				ENABLE_STRICT_OBJC_MSGSEND = YES;
				ENABLE_TESTABILITY = YES;
				GCC_C_LANGUAGE_STANDARD = gnu11;
				GCC_DYNAMIC_NO_PIC = NO;
				GCC_NO_COMMON_BLOCKS = YES;
				GCC_OPTIMIZATION_LEVEL = 0;
				GCC_PREPROCESSOR_DEFINITIONS = (
					"DEBUG=1",
					"$(inherited)",
				);
				GCC_WARN_64_TO_32_BIT_CONVERSION = YES;
				GCC_WARN_ABOUT_RETURN_TYPE = YES_ERROR;
				GCC_WARN_UNDECLARED_SELECTOR = YES;
				GCC_WARN_UNINITIALIZED_AUTOS = YES_AGGRESSIVE;
				GCC_WARN_UNUSED_FUNCTION = YES;
				GCC_WARN_UNUSED_VARIABLE = YES;
				IPHONEOS_DEPLOYMENT_TARGET = 15.2;
				MTL_ENABLE_DEBUG_INFO = INCLUDE_SOURCE;
				MTL_FAST_MATH = YES;
				ONLY_ACTIVE_ARCH = YES;
				SDKROOT = iphoneos;
				SWIFT_ACTIVE_COMPILATION_CONDITIONS = DEBUG;
				SWIFT_OPTIMIZATION_LEVEL = "-Onone";
			};
			name = Debug;
		};
		21E596C5285B45D4003D24C9 /* Release */ = {
			isa = XCBuildConfiguration;
			buildSettings = {
				ALWAYS_SEARCH_USER_PATHS = NO;
				CLANG_ANALYZER_NONNULL = YES;
				CLANG_ANALYZER_NUMBER_OBJECT_CONVERSION = YES_AGGRESSIVE;
				CLANG_CXX_LANGUAGE_STANDARD = "gnu++17";
				CLANG_CXX_LIBRARY = "libc++";
				CLANG_ENABLE_MODULES = YES;
				CLANG_ENABLE_OBJC_ARC = YES;
				CLANG_ENABLE_OBJC_WEAK = YES;
				CLANG_WARN_BLOCK_CAPTURE_AUTORELEASING = YES;
				CLANG_WARN_BOOL_CONVERSION = YES;
				CLANG_WARN_COMMA = YES;
				CLANG_WARN_CONSTANT_CONVERSION = YES;
				CLANG_WARN_DEPRECATED_OBJC_IMPLEMENTATIONS = YES;
				CLANG_WARN_DIRECT_OBJC_ISA_USAGE = YES_ERROR;
				CLANG_WARN_DOCUMENTATION_COMMENTS = YES;
				CLANG_WARN_EMPTY_BODY = YES;
				CLANG_WARN_ENUM_CONVERSION = YES;
				CLANG_WARN_INFINITE_RECURSION = YES;
				CLANG_WARN_INT_CONVERSION = YES;
				CLANG_WARN_NON_LITERAL_NULL_CONVERSION = YES;
				CLANG_WARN_OBJC_IMPLICIT_RETAIN_SELF = YES;
				CLANG_WARN_OBJC_LITERAL_CONVERSION = YES;
				CLANG_WARN_OBJC_ROOT_CLASS = YES_ERROR;
				CLANG_WARN_QUOTED_INCLUDE_IN_FRAMEWORK_HEADER = YES;
				CLANG_WARN_RANGE_LOOP_ANALYSIS = YES;
				CLANG_WARN_STRICT_PROTOTYPES = YES;
				CLANG_WARN_SUSPICIOUS_MOVE = YES;
				CLANG_WARN_UNGUARDED_AVAILABILITY = YES_AGGRESSIVE;
				CLANG_WARN_UNREACHABLE_CODE = YES;
				CLANG_WARN__DUPLICATE_METHOD_MATCH = YES;
				COPY_PHASE_STRIP = NO;
				DEBUG_INFORMATION_FORMAT = "dwarf-with-dsym";
				ENABLE_NS_ASSERTIONS = NO;
				ENABLE_STRICT_OBJC_MSGSEND = YES;
				GCC_C_LANGUAGE_STANDARD = gnu11;
				GCC_NO_COMMON_BLOCKS = YES;
				GCC_WARN_64_TO_32_BIT_CONVERSION = YES;
				GCC_WARN_ABOUT_RETURN_TYPE = YES_ERROR;
				GCC_WARN_UNDECLARED_SELECTOR = YES;
				GCC_WARN_UNINITIALIZED_AUTOS = YES_AGGRESSIVE;
				GCC_WARN_UNUSED_FUNCTION = YES;
				GCC_WARN_UNUSED_VARIABLE = YES;
				IPHONEOS_DEPLOYMENT_TARGET = 15.2;
				MTL_ENABLE_DEBUG_INFO = NO;
				MTL_FAST_MATH = YES;
				SDKROOT = iphoneos;
				SWIFT_COMPILATION_MODE = wholemodule;
				SWIFT_OPTIMIZATION_LEVEL = "-O";
				VALIDATE_PRODUCT = YES;
			};
			name = Release;
		};
		21E596C7285B45D4003D24C9 /* Debug */ = {
			isa = XCBuildConfiguration;
			buildSettings = {
				ASSETCATALOG_COMPILER_APPICON_NAME = AppIcon;
				ASSETCATALOG_COMPILER_GLOBAL_ACCENT_COLOR_NAME = AccentColor;
				CODE_SIGN_STYLE = Automatic;
				CURRENT_PROJECT_VERSION = 1;
				DEVELOPMENT_TEAM = YY3QH4MNYJ;
				GENERATE_INFOPLIST_FILE = YES;
				INFOPLIST_FILE = HaliApp/Info.plist;
				INFOPLIST_KEY_UIApplicationSupportsIndirectInputEvents = YES;
				INFOPLIST_KEY_UILaunchStoryboardName = LaunchScreen;
				INFOPLIST_KEY_UIMainStoryboardFile = Main;
				INFOPLIST_KEY_UISupportedInterfaceOrientations_iPad = "UIInterfaceOrientationPortrait UIInterfaceOrientationPortraitUpsideDown UIInterfaceOrientationLandscapeLeft UIInterfaceOrientationLandscapeRight";
				INFOPLIST_KEY_UISupportedInterfaceOrientations_iPhone = "UIInterfaceOrientationPortrait UIInterfaceOrientationLandscapeLeft UIInterfaceOrientationLandscapeRight";
				LD_RUNPATH_SEARCH_PATHS = (
					"$(inherited)",
					"@executable_path/Frameworks",
				);
				MARKETING_VERSION = 1.0;
				PRODUCT_BUNDLE_IDENTIFIER = "Zeynep-Dundar.HaliApp";
				PRODUCT_NAME = "$(TARGET_NAME)";
				SWIFT_EMIT_LOC_STRINGS = YES;
				SWIFT_VERSION = 5.0;
				TARGETED_DEVICE_FAMILY = "1,2";
			};
			name = Debug;
		};
		21E596C8285B45D4003D24C9 /* Release */ = {
			isa = XCBuildConfiguration;
			buildSettings = {
				ASSETCATALOG_COMPILER_APPICON_NAME = AppIcon;
				ASSETCATALOG_COMPILER_GLOBAL_ACCENT_COLOR_NAME = AccentColor;
				CODE_SIGN_STYLE = Automatic;
				CURRENT_PROJECT_VERSION = 1;
				DEVELOPMENT_TEAM = YY3QH4MNYJ;
				GENERATE_INFOPLIST_FILE = YES;
				INFOPLIST_FILE = HaliApp/Info.plist;
				INFOPLIST_KEY_UIApplicationSupportsIndirectInputEvents = YES;
				INFOPLIST_KEY_UILaunchStoryboardName = LaunchScreen;
				INFOPLIST_KEY_UIMainStoryboardFile = Main;
				INFOPLIST_KEY_UISupportedInterfaceOrientations_iPad = "UIInterfaceOrientationPortrait UIInterfaceOrientationPortraitUpsideDown UIInterfaceOrientationLandscapeLeft UIInterfaceOrientationLandscapeRight";
				INFOPLIST_KEY_UISupportedInterfaceOrientations_iPhone = "UIInterfaceOrientationPortrait UIInterfaceOrientationLandscapeLeft UIInterfaceOrientationLandscapeRight";
				LD_RUNPATH_SEARCH_PATHS = (
					"$(inherited)",
					"@executable_path/Frameworks",
				);
				MARKETING_VERSION = 1.0;
				PRODUCT_BUNDLE_IDENTIFIER = "Zeynep-Dundar.HaliApp";
				PRODUCT_NAME = "$(TARGET_NAME)";
				SWIFT_EMIT_LOC_STRINGS = YES;
				SWIFT_VERSION = 5.0;
				TARGETED_DEVICE_FAMILY = "1,2";
			};
			name = Release;
		};
		21E596CA285B45D4003D24C9 /* Debug */ = {
			isa = XCBuildConfiguration;
			buildSettings = {
				ALWAYS_EMBED_SWIFT_STANDARD_LIBRARIES = YES;
				BUNDLE_LOADER = "$(TEST_HOST)";
				CODE_SIGN_STYLE = Automatic;
				CURRENT_PROJECT_VERSION = 1;
				GENERATE_INFOPLIST_FILE = YES;
				IPHONEOS_DEPLOYMENT_TARGET = 15.2;
				MARKETING_VERSION = 1.0;
				PRODUCT_BUNDLE_IDENTIFIER = "Zeynep-Dundar.HaliAppTests";
				PRODUCT_NAME = "$(TARGET_NAME)";
				SWIFT_EMIT_LOC_STRINGS = NO;
				SWIFT_VERSION = 5.0;
				TARGETED_DEVICE_FAMILY = "1,2";
				TEST_HOST = "$(BUILT_PRODUCTS_DIR)/HaliApp.app/HaliApp";
			};
			name = Debug;
		};
		21E596CB285B45D4003D24C9 /* Release */ = {
			isa = XCBuildConfiguration;
			buildSettings = {
				ALWAYS_EMBED_SWIFT_STANDARD_LIBRARIES = YES;
				BUNDLE_LOADER = "$(TEST_HOST)";
				CODE_SIGN_STYLE = Automatic;
				CURRENT_PROJECT_VERSION = 1;
				GENERATE_INFOPLIST_FILE = YES;
				IPHONEOS_DEPLOYMENT_TARGET = 15.2;
				MARKETING_VERSION = 1.0;
				PRODUCT_BUNDLE_IDENTIFIER = "Zeynep-Dundar.HaliAppTests";
				PRODUCT_NAME = "$(TARGET_NAME)";
				SWIFT_EMIT_LOC_STRINGS = NO;
				SWIFT_VERSION = 5.0;
				TARGETED_DEVICE_FAMILY = "1,2";
				TEST_HOST = "$(BUILT_PRODUCTS_DIR)/HaliApp.app/HaliApp";
			};
			name = Release;
		};
		21E596CD285B45D4003D24C9 /* Debug */ = {
			isa = XCBuildConfiguration;
			buildSettings = {
				ALWAYS_EMBED_SWIFT_STANDARD_LIBRARIES = YES;
				CODE_SIGN_STYLE = Automatic;
				CURRENT_PROJECT_VERSION = 1;
				GENERATE_INFOPLIST_FILE = YES;
				MARKETING_VERSION = 1.0;
				PRODUCT_BUNDLE_IDENTIFIER = "Zeynep-Dundar.HaliAppUITests";
				PRODUCT_NAME = "$(TARGET_NAME)";
				SWIFT_EMIT_LOC_STRINGS = NO;
				SWIFT_VERSION = 5.0;
				TARGETED_DEVICE_FAMILY = "1,2";
				TEST_TARGET_NAME = HaliApp;
			};
			name = Debug;
		};
		21E596CE285B45D4003D24C9 /* Release */ = {
			isa = XCBuildConfiguration;
			buildSettings = {
				ALWAYS_EMBED_SWIFT_STANDARD_LIBRARIES = YES;
				CODE_SIGN_STYLE = Automatic;
				CURRENT_PROJECT_VERSION = 1;
				GENERATE_INFOPLIST_FILE = YES;
				MARKETING_VERSION = 1.0;
				PRODUCT_BUNDLE_IDENTIFIER = "Zeynep-Dundar.HaliAppUITests";
				PRODUCT_NAME = "$(TARGET_NAME)";
				SWIFT_EMIT_LOC_STRINGS = NO;
				SWIFT_VERSION = 5.0;
				TARGETED_DEVICE_FAMILY = "1,2";
				TEST_TARGET_NAME = HaliApp;
			};
			name = Release;
		};
/* End XCBuildConfiguration section */

/* Begin XCConfigurationList section */
		21E59697285B45D2003D24C9 /* Build configuration list for PBXProject "HaliApp" */ = {
			isa = XCConfigurationList;
			buildConfigurations = (
				21E596C4285B45D4003D24C9 /* Debug */,
				21E596C5285B45D4003D24C9 /* Release */,
			);
			defaultConfigurationIsVisible = 0;
			defaultConfigurationName = Release;
		};
		21E596C6285B45D4003D24C9 /* Build configuration list for PBXNativeTarget "HaliApp" */ = {
			isa = XCConfigurationList;
			buildConfigurations = (
				21E596C7285B45D4003D24C9 /* Debug */,
				21E596C8285B45D4003D24C9 /* Release */,
			);
			defaultConfigurationIsVisible = 0;
			defaultConfigurationName = Release;
		};
		21E596C9285B45D4003D24C9 /* Build configuration list for PBXNativeTarget "HaliAppTests" */ = {
			isa = XCConfigurationList;
			buildConfigurations = (
				21E596CA285B45D4003D24C9 /* Debug */,
				21E596CB285B45D4003D24C9 /* Release */,
			);
			defaultConfigurationIsVisible = 0;
			defaultConfigurationName = Release;
		};
		21E596CC285B45D4003D24C9 /* Build configuration list for PBXNativeTarget "HaliAppUITests" */ = {
			isa = XCConfigurationList;
			buildConfigurations = (
				21E596CD285B45D4003D24C9 /* Debug */,
				21E596CE285B45D4003D24C9 /* Release */,
			);
			defaultConfigurationIsVisible = 0;
			defaultConfigurationName = Release;
		};
/* End XCConfigurationList section */

/* Begin XCRemoteSwiftPackageReference section */
		21E59714285CC3FB003D24C9 /* XCRemoteSwiftPackageReference "firebase-ios-sdk" */ = {
			isa = XCRemoteSwiftPackageReference;
			repositoryURL = "https://github.com/firebase/firebase-ios-sdk";
			requirement = {
				kind = upToNextMajorVersion;
				minimumVersion = 9.0.0;
			};
		};
/* End XCRemoteSwiftPackageReference section */

/* Begin XCSwiftPackageProductDependency section */
		21E59715285CC3FB003D24C9 /* FirebaseAuth */ = {
			isa = XCSwiftPackageProductDependency;
			package = 21E59714285CC3FB003D24C9 /* XCRemoteSwiftPackageReference "firebase-ios-sdk" */;
			productName = FirebaseAuth;
		};
		21E59717285CC3FB003D24C9 /* FirebaseDatabase */ = {
			isa = XCSwiftPackageProductDependency;
			package = 21E59714285CC3FB003D24C9 /* XCRemoteSwiftPackageReference "firebase-ios-sdk" */;
			productName = FirebaseDatabase;
		};
		21E59719285CC3FB003D24C9 /* FirebaseDatabaseSwift */ = {
			isa = XCSwiftPackageProductDependency;
			package = 21E59714285CC3FB003D24C9 /* XCRemoteSwiftPackageReference "firebase-ios-sdk" */;
			productName = FirebaseDatabaseSwift;
		};
		21E5971B285CC3FB003D24C9 /* FirebaseFirestore */ = {
			isa = XCSwiftPackageProductDependency;
			package = 21E59714285CC3FB003D24C9 /* XCRemoteSwiftPackageReference "firebase-ios-sdk" */;
			productName = FirebaseFirestore;
		};
		21E5971D285CC3FB003D24C9 /* FirebaseFirestoreCombine-Community */ = {
			isa = XCSwiftPackageProductDependency;
			package = 21E59714285CC3FB003D24C9 /* XCRemoteSwiftPackageReference "firebase-ios-sdk" */;
			productName = "FirebaseFirestoreCombine-Community";
		};
		21E5971F285CC3FB003D24C9 /* FirebaseFirestoreSwift */ = {
			isa = XCSwiftPackageProductDependency;
			package = 21E59714285CC3FB003D24C9 /* XCRemoteSwiftPackageReference "firebase-ios-sdk" */;
			productName = FirebaseFirestoreSwift;
		};
		21E59721285CC3FB003D24C9 /* FirebaseStorage */ = {
			isa = XCSwiftPackageProductDependency;
			package = 21E59714285CC3FB003D24C9 /* XCRemoteSwiftPackageReference "firebase-ios-sdk" */;
			productName = FirebaseStorage;
		};
/* End XCSwiftPackageProductDependency section */
	};
	rootObject = 21E59694285B45D2003D24C9 /* Project object */;
}
